
Microsoft Visual Studio Solution File, Format Version 12.00
# Visual Studio 15
VisualStudioVersion = 15.0.26124.0
MinimumVisualStudioVersion = 15.0.26124.0
Project("{FAE04EC0-301F-11D3-BF4B-00C04F79EFBC}") = "API", "API\API.csproj", "{D9690A99-04FE-4DF2-B82D-02BED1809D4E}"
EndProject
Project("{FAE04EC0-301F-11D3-BF4B-00C04F79EFBC}") = "Application", "Application\Application.csproj", "{A8C2FD2B-A505-4669-8AE6-AB19FCA57606}"
EndProject
Project("{FAE04EC0-301F-11D3-BF4B-00C04F79EFBC}") = "Domain", "Domain\Domain.csproj", "{F36B495B-9406-4359-BD78-FB38565005CF}"
EndProject
Project("{FAE04EC0-301F-11D3-BF4B-00C04F79EFBC}") = "Persistence", "Persistence\Persistence.csproj", "{2BC6F0E0-1245-4E21-9F99-C3A7F9D3C017}"
EndProject
Project("{FAE04EC0-301F-11D3-BF4B-00C04F79EFBC}") = "Infrastucture", "Infrastucture\Infrastucture.csproj", "{FAAC3BA2-CB0E-400B-A6AA-17D559E30BB9}"
EndProject
Global
	GlobalSection(SolutionConfigurationPlatforms) = preSolution
		Debug|Any CPU = Debug|Any CPU
		Debug|x64 = Debug|x64
		Debug|x86 = Debug|x86
		Release|Any CPU = Release|Any CPU
		Release|x64 = Release|x64
		Release|x86 = Release|x86
	EndGlobalSection
	GlobalSection(SolutionProperties) = preSolution
		HideSolutionNode = FALSE
	EndGlobalSection
	GlobalSection(ProjectConfigurationPlatforms) = postSolution
		{D9690A99-04FE-4DF2-B82D-02BED1809D4E}.Debug|Any CPU.ActiveCfg = Debug|Any CPU
		{D9690A99-04FE-4DF2-B82D-02BED1809D4E}.Debug|Any CPU.Build.0 = Debug|Any CPU
		{D9690A99-04FE-4DF2-B82D-02BED1809D4E}.Debug|x64.ActiveCfg = Debug|Any CPU
		{D9690A99-04FE-4DF2-B82D-02BED1809D4E}.Debug|x64.Build.0 = Debug|Any CPU
		{D9690A99-04FE-4DF2-B82D-02BED1809D4E}.Debug|x86.ActiveCfg = Debug|Any CPU
		{D9690A99-04FE-4DF2-B82D-02BED1809D4E}.Debug|x86.Build.0 = Debug|Any CPU
		{D9690A99-04FE-4DF2-B82D-02BED1809D4E}.Release|Any CPU.ActiveCfg = Release|Any CPU
		{D9690A99-04FE-4DF2-B82D-02BED1809D4E}.Release|Any CPU.Build.0 = Release|Any CPU
		{D9690A99-04FE-4DF2-B82D-02BED1809D4E}.Release|x64.ActiveCfg = Release|Any CPU
		{D9690A99-04FE-4DF2-B82D-02BED1809D4E}.Release|x64.Build.0 = Release|Any CPU
		{D9690A99-04FE-4DF2-B82D-02BED1809D4E}.Release|x86.ActiveCfg = Release|Any CPU
		{D9690A99-04FE-4DF2-B82D-02BED1809D4E}.Release|x86.Build.0 = Release|Any CPU
		{A8C2FD2B-A505-4669-8AE6-AB19FCA57606}.Debug|Any CPU.ActiveCfg = Debug|Any CPU
		{A8C2FD2B-A505-4669-8AE6-AB19FCA57606}.Debug|Any CPU.Build.0 = Debug|Any CPU
		{A8C2FD2B-A505-4669-8AE6-AB19FCA57606}.Debug|x64.ActiveCfg = Debug|Any CPU
		{A8C2FD2B-A505-4669-8AE6-AB19FCA57606}.Debug|x64.Build.0 = Debug|Any CPU
		{A8C2FD2B-A505-4669-8AE6-AB19FCA57606}.Debug|x86.ActiveCfg = Debug|Any CPU
		{A8C2FD2B-A505-4669-8AE6-AB19FCA57606}.Debug|x86.Build.0 = Debug|Any CPU
		{A8C2FD2B-A505-4669-8AE6-AB19FCA57606}.Release|Any CPU.ActiveCfg = Release|Any CPU
		{A8C2FD2B-A505-4669-8AE6-AB19FCA57606}.Release|Any CPU.Build.0 = Release|Any CPU
		{A8C2FD2B-A505-4669-8AE6-AB19FCA57606}.Release|x64.ActiveCfg = Release|Any CPU
		{A8C2FD2B-A505-4669-8AE6-AB19FCA57606}.Release|x64.Build.0 = Release|Any CPU
		{A8C2FD2B-A505-4669-8AE6-AB19FCA57606}.Release|x86.ActiveCfg = Release|Any CPU
		{A8C2FD2B-A505-4669-8AE6-AB19FCA57606}.Release|x86.Build.0 = Release|Any CPU
		{F36B495B-9406-4359-BD78-FB38565005CF}.Debug|Any CPU.ActiveCfg = Debug|Any CPU
		{F36B495B-9406-4359-BD78-FB38565005CF}.Debug|Any CPU.Build.0 = Debug|Any CPU
		{F36B495B-9406-4359-BD78-FB38565005CF}.Debug|x64.ActiveCfg = Debug|Any CPU
		{F36B495B-9406-4359-BD78-FB38565005CF}.Debug|x64.Build.0 = Debug|Any CPU
		{F36B495B-9406-4359-BD78-FB38565005CF}.Debug|x86.ActiveCfg = Debug|Any CPU
		{F36B495B-9406-4359-BD78-FB38565005CF}.Debug|x86.Build.0 = Debug|Any CPU
		{F36B495B-9406-4359-BD78-FB38565005CF}.Release|Any CPU.ActiveCfg = Release|Any CPU
		{F36B495B-9406-4359-BD78-FB38565005CF}.Release|Any CPU.Build.0 = Release|Any CPU
		{F36B495B-9406-4359-BD78-FB38565005CF}.Release|x64.ActiveCfg = Release|Any CPU
		{F36B495B-9406-4359-BD78-FB38565005CF}.Release|x64.Build.0 = Release|Any CPU
		{F36B495B-9406-4359-BD78-FB38565005CF}.Release|x86.ActiveCfg = Release|Any CPU
		{F36B495B-9406-4359-BD78-FB38565005CF}.Release|x86.Build.0 = Release|Any CPU
		{2BC6F0E0-1245-4E21-9F99-C3A7F9D3C017}.Debug|Any CPU.ActiveCfg = Debug|Any CPU
		{2BC6F0E0-1245-4E21-9F99-C3A7F9D3C017}.Debug|Any CPU.Build.0 = Debug|Any CPU
		{2BC6F0E0-1245-4E21-9F99-C3A7F9D3C017}.Debug|x64.ActiveCfg = Debug|Any CPU
		{2BC6F0E0-1245-4E21-9F99-C3A7F9D3C017}.Debug|x64.Build.0 = Debug|Any CPU
		{2BC6F0E0-1245-4E21-9F99-C3A7F9D3C017}.Debug|x86.ActiveCfg = Debug|Any CPU
		{2BC6F0E0-1245-4E21-9F99-C3A7F9D3C017}.Debug|x86.Build.0 = Debug|Any CPU
		{2BC6F0E0-1245-4E21-9F99-C3A7F9D3C017}.Release|Any CPU.ActiveCfg = Release|Any CPU
		{2BC6F0E0-1245-4E21-9F99-C3A7F9D3C017}.Release|Any CPU.Build.0 = Release|Any CPU
		{2BC6F0E0-1245-4E21-9F99-C3A7F9D3C017}.Release|x64.ActiveCfg = Release|Any CPU
		{2BC6F0E0-1245-4E21-9F99-C3A7F9D3C017}.Release|x64.Build.0 = Release|Any CPU
		{2BC6F0E0-1245-4E21-9F99-C3A7F9D3C017}.Release|x86.ActiveCfg = Release|Any CPU
		{2BC6F0E0-1245-4E21-9F99-C3A7F9D3C017}.Release|x86.Build.0 = Release|Any CPU
		{FAAC3BA2-CB0E-400B-A6AA-17D559E30BB9}.Debug|Any CPU.ActiveCfg = Debug|Any CPU
		{FAAC3BA2-CB0E-400B-A6AA-17D559E30BB9}.Debug|Any CPU.Build.0 = Debug|Any CPU
		{FAAC3BA2-CB0E-400B-A6AA-17D559E30BB9}.Debug|x64.ActiveCfg = Debug|Any CPU
		{FAAC3BA2-CB0E-400B-A6AA-17D559E30BB9}.Debug|x64.Build.0 = Debug|Any CPU
		{FAAC3BA2-CB0E-400B-A6AA-17D559E30BB9}.Debug|x86.ActiveCfg = Debug|Any CPU
		{FAAC3BA2-CB0E-400B-A6AA-17D559E30BB9}.Debug|x86.Build.0 = Debug|Any CPU
		{FAAC3BA2-CB0E-400B-A6AA-17D559E30BB9}.Release|Any CPU.ActiveCfg = Release|Any CPU
		{FAAC3BA2-CB0E-400B-A6AA-17D559E30BB9}.Release|Any CPU.Build.0 = Release|Any CPU
		{FAAC3BA2-CB0E-400B-A6AA-17D559E30BB9}.Release|x64.ActiveCfg = Release|Any CPU
		{FAAC3BA2-CB0E-400B-A6AA-17D559E30BB9}.Release|x64.Build.0 = Release|Any CPU
		{FAAC3BA2-CB0E-400B-A6AA-17D559E30BB9}.Release|x86.ActiveCfg = Release|Any CPU
		{FAAC3BA2-CB0E-400B-A6AA-17D559E30BB9}.Release|x86.Build.0 = Release|Any CPU
	EndGlobalSection
EndGlobal
